
Microsoft Visual Studio Solution File, Format Version 12.00
# Visual Studio Version 17
VisualStudioVersion = 17.6.33829.357
MinimumVisualStudioVersion = 10.0.40219.1
Project("{2150E333-8FDC-42A3-9474-1A3956D46DE8}") = "Frontends", "Frontends", "{1E5515C5-30DF-4DE2-A940-A26F8A999C1F}"
EndProject
Project("{2150E333-8FDC-42A3-9474-1A3956D46DE8}") = "Gateway", "Gateway", "{B71BD48D-41AD-4519-9FBF-2476301B90A8}"
EndProject
Project("{2150E333-8FDC-42A3-9474-1A3956D46DE8}") = "IdentityServer", "IdentityServer", "{A4A9940B-5712-4938-AD38-22F188942BEC}"
EndProject
Project("{2150E333-8FDC-42A3-9474-1A3956D46DE8}") = "Shared", "Shared", "{6328CC01-8908-4A0C-8954-453B3CDD0DC5}"
EndProject
Project("{2150E333-8FDC-42A3-9474-1A3956D46DE8}") = "Services", "Services", "{77AFE1C0-0D61-4C3D-9914-10FA0EA3ECA7}"
EndProject
Project("{2150E333-8FDC-42A3-9474-1A3956D46DE8}") = "SolutionItems", "SolutionItems", "{9570E599-2EC2-4227-BC7D-3524DD57391E}"
	ProjectSection(SolutionItems) = preProject
		PortNumbers.txt = PortNumbers.txt
		ToDoList.txt = ToDoList.txt
	EndProjectSection
EndProject
Project("{2150E333-8FDC-42A3-9474-1A3956D46DE8}") = "Basket", "Basket", "{1643B3A9-4F4D-4FED-97A6-26D011E2717E}"
EndProject
Project("{2150E333-8FDC-42A3-9474-1A3956D46DE8}") = "Catalog", "Catalog", "{8EE4BE8E-1B39-465A-A5BA-1A87B21D381C}"
EndProject
Project("{2150E333-8FDC-42A3-9474-1A3956D46DE8}") = "Cargo", "Cargo", "{9D4D9CEA-6419-4B68-90B8-3B782AF43449}"
EndProject
Project("{2150E333-8FDC-42A3-9474-1A3956D46DE8}") = "Discount", "Discount", "{1A99D0D8-28A1-4908-A9DD-D7936855D8B0}"
EndProject
Project("{2150E333-8FDC-42A3-9474-1A3956D46DE8}") = "Payment", "Payment", "{0E6BABDB-0998-4B22-8C4F-82D229666329}"
EndProject
Project("{2150E333-8FDC-42A3-9474-1A3956D46DE8}") = "PhotoStock", "PhotoStock", "{4886B471-DB73-4E40-98B7-F60088EEFD9B}"
EndProject
Project("{9A19103F-16F7-4668-BE54-9A1E7A4F7556}") = "CasgemMicroService.Services.Catalog", "Services\Catalog\CasgemMicroService.Services.Catalog\CasgemMicroService.Services.Catalog.csproj", "{7D92BE1E-45F1-47E3-AB95-DEB06A462220}"
EndProject
Project("{9A19103F-16F7-4668-BE54-9A1E7A4F7556}") = "CasgemMicroService.Shared", "Shared\CasgemMicroService.Shared\CasgemMicroService.Shared.csproj", "{323CD289-6EAC-4421-95CE-1D8CDE349E02}"
EndProject
Project("{9A19103F-16F7-4668-BE54-9A1E7A4F7556}") = "CasgemMicroService.IdentityServer", "IdentityServer\CasgemMicroService.IdentityServer\CasgemMicroService.IdentityServer.csproj", "{B1EF7138-459F-48D8-9C27-47EC12FD0E3A}"
EndProject
Project("{9A19103F-16F7-4668-BE54-9A1E7A4F7556}") = "CasgemMicroService.PhotoStock", "Services\PhotoStock\CasgemMicroService.PhotoStock\CasgemMicroService.PhotoStock.csproj", "{CFE95230-13B0-49C2-A672-C995F4F9A41F}"
EndProject
Project("{9A19103F-16F7-4668-BE54-9A1E7A4F7556}") = "CasgemMicroService.Services.Basket", "Services\Basket\CasgemMicroService.Services.Basket\CasgemMicroService.Services.Basket.csproj", "{F9F6C3D0-2F92-4CAF-90E1-FE1AAA74AE86}"
EndProject
Project("{9A19103F-16F7-4668-BE54-9A1E7A4F7556}") = "CasgemMicroService.Services.Discount", "Services\Discount\CasgemMicroService.Services.Discount\CasgemMicroService.Services.Discount.csproj", "{816F7EDA-EBDF-4D4F-8720-ECB83C8B32DA}"
EndProject
Project("{2150E333-8FDC-42A3-9474-1A3956D46DE8}") = "Order", "Order", "{813AA4FE-E199-42FA-A068-42B65FBB98A4}"
EndProject
Project("{2150E333-8FDC-42A3-9474-1A3956D46DE8}") = "Core", "Core", "{87A15F48-75DA-41CD-BA72-55F32F3FEFB5}"
EndProject
Project("{2150E333-8FDC-42A3-9474-1A3956D46DE8}") = "Presentation", "Presentation", "{12B0A8DB-37D4-43D1-8CCA-D59600432636}"
EndProject
Project("{2150E333-8FDC-42A3-9474-1A3956D46DE8}") = "Infrastructure", "Infrastructure", "{9B8C9038-18E9-4B2D-B5C2-5DADC980896C}"
EndProject
Project("{9A19103F-16F7-4668-BE54-9A1E7A4F7556}") = "CasgemMicroService.Services.Order.Core.Domain", "Services\Order\Core\CasgemMicroService.Services.Order.Core.Domain\CasgemMicroService.Services.Order.Core.Domain.csproj", "{6D130A92-2A6A-465E-ABDB-B5FF249C925F}"
EndProject
Project("{9A19103F-16F7-4668-BE54-9A1E7A4F7556}") = "Casgem.MicroService.Services.Orde.Core.Application", "Services\Order\Core\Casgem.MicroService.Services.Orde.Core.Application\Casgem.MicroService.Services.Orde.Core.Application.csproj", "{F39E1F97-E3ED-459C-A0BC-C7BE212CAE94}"
EndProject
Project("{9A19103F-16F7-4668-BE54-9A1E7A4F7556}") = "CasgemMicroService.Services.Order.Infrastructure.Persistance", "Services\Order\Infrastructure\CasgemMicroService.Services.Order.Infrastructure.Persistance\CasgemMicroService.Services.Order.Infrastructure.Persistance.csproj", "{30048225-F9AD-40BF-A671-5F8408F5A486}"
EndProject
Project("{9A19103F-16F7-4668-BE54-9A1E7A4F7556}") = "CasgemMicroService.Services.Order.Presentation.API", "Services\Order\Presentation\CasgemMicroService.Services.Order.Presentation.API\CasgemMicroService.Services.Order.Presentation.API.csproj", "{F4EF2D17-0A9D-44C0-B846-9A438099C773}"
EndProject
Project("{FAE04EC0-301F-11D3-BF4B-00C04F79EFBC}") = "CasgemMicroService.Services.Cargo.DataAccessLayer", "Services\Cargo\CasgemMicroService.Services.Cargo.DataAccessLayer\CasgemMicroService.Services.Cargo.DataAccessLayer.csproj", "{83B88CFA-8A01-4B3D-A6A6-F1D2CAEA8D23}"
EndProject
Project("{FAE04EC0-301F-11D3-BF4B-00C04F79EFBC}") = "CasgemMicroService.Services.Cargo.EntityLayer", "Services\Cargo\CasgemMicroService.Services.Cargo.EntityLayer\CasgemMicroService.Services.Cargo.EntityLayer.csproj", "{88DCBB1D-E84B-49E3-AF02-94ED6F1290A6}"
EndProject
Project("{FAE04EC0-301F-11D3-BF4B-00C04F79EFBC}") = "CasgemMicroService.Services.Cargo.BussinessLayer", "Services\Cargo\CasgemMicroService.Services.Cargo.BussinessLayer\CasgemMicroService.Services.Cargo.BussinessLayer.csproj", "{F10A5705-ED54-419F-93E8-8003B3DC330D}"
EndProject
Project("{FAE04EC0-301F-11D3-BF4B-00C04F79EFBC}") = "CasgemMicroService.Services.Cargo.WebApi", "Services\Cargo\CasgemMicroService.Services.Cargo.WebApi\CasgemMicroService.Services.Cargo.WebApi.csproj", "{49757679-A876-4A5E-AFBD-AB4BA066D93B}"
EndProject
Global
	GlobalSection(SolutionConfigurationPlatforms) = preSolution
		Debug|Any CPU = Debug|Any CPU
		Release|Any CPU = Release|Any CPU
	EndGlobalSection
	GlobalSection(ProjectConfigurationPlatforms) = postSolution
		{7D92BE1E-45F1-47E3-AB95-DEB06A462220}.Debug|Any CPU.ActiveCfg = Debug|Any CPU
		{7D92BE1E-45F1-47E3-AB95-DEB06A462220}.Debug|Any CPU.Build.0 = Debug|Any CPU
		{7D92BE1E-45F1-47E3-AB95-DEB06A462220}.Release|Any CPU.ActiveCfg = Release|Any CPU
		{7D92BE1E-45F1-47E3-AB95-DEB06A462220}.Release|Any CPU.Build.0 = Release|Any CPU
		{323CD289-6EAC-4421-95CE-1D8CDE349E02}.Debug|Any CPU.ActiveCfg = Debug|Any CPU
		{323CD289-6EAC-4421-95CE-1D8CDE349E02}.Debug|Any CPU.Build.0 = Debug|Any CPU
		{323CD289-6EAC-4421-95CE-1D8CDE349E02}.Release|Any CPU.ActiveCfg = Release|Any CPU
		{323CD289-6EAC-4421-95CE-1D8CDE349E02}.Release|Any CPU.Build.0 = Release|Any CPU
		{B1EF7138-459F-48D8-9C27-47EC12FD0E3A}.Debug|Any CPU.ActiveCfg = Debug|Any CPU
		{B1EF7138-459F-48D8-9C27-47EC12FD0E3A}.Debug|Any CPU.Build.0 = Debug|Any CPU
		{B1EF7138-459F-48D8-9C27-47EC12FD0E3A}.Release|Any CPU.ActiveCfg = Release|Any CPU
		{B1EF7138-459F-48D8-9C27-47EC12FD0E3A}.Release|Any CPU.Build.0 = Release|Any CPU
		{CFE95230-13B0-49C2-A672-C995F4F9A41F}.Debug|Any CPU.ActiveCfg = Debug|Any CPU
		{CFE95230-13B0-49C2-A672-C995F4F9A41F}.Debug|Any CPU.Build.0 = Debug|Any CPU
		{CFE95230-13B0-49C2-A672-C995F4F9A41F}.Release|Any CPU.ActiveCfg = Release|Any CPU
		{CFE95230-13B0-49C2-A672-C995F4F9A41F}.Release|Any CPU.Build.0 = Release|Any CPU
		{F9F6C3D0-2F92-4CAF-90E1-FE1AAA74AE86}.Debug|Any CPU.ActiveCfg = Debug|Any CPU
		{F9F6C3D0-2F92-4CAF-90E1-FE1AAA74AE86}.Debug|Any CPU.Build.0 = Debug|Any CPU
		{F9F6C3D0-2F92-4CAF-90E1-FE1AAA74AE86}.Release|Any CPU.ActiveCfg = Release|Any CPU
		{F9F6C3D0-2F92-4CAF-90E1-FE1AAA74AE86}.Release|Any CPU.Build.0 = Release|Any CPU
		{816F7EDA-EBDF-4D4F-8720-ECB83C8B32DA}.Debug|Any CPU.ActiveCfg = Debug|Any CPU
		{816F7EDA-EBDF-4D4F-8720-ECB83C8B32DA}.Debug|Any CPU.Build.0 = Debug|Any CPU
		{816F7EDA-EBDF-4D4F-8720-ECB83C8B32DA}.Release|Any CPU.ActiveCfg = Release|Any CPU
		{816F7EDA-EBDF-4D4F-8720-ECB83C8B32DA}.Release|Any CPU.Build.0 = Release|Any CPU
		{6D130A92-2A6A-465E-ABDB-B5FF249C925F}.Debug|Any CPU.ActiveCfg = Debug|Any CPU
		{6D130A92-2A6A-465E-ABDB-B5FF249C925F}.Debug|Any CPU.Build.0 = Debug|Any CPU
		{6D130A92-2A6A-465E-ABDB-B5FF249C925F}.Release|Any CPU.ActiveCfg = Release|Any CPU
		{6D130A92-2A6A-465E-ABDB-B5FF249C925F}.Release|Any CPU.Build.0 = Release|Any CPU
		{F39E1F97-E3ED-459C-A0BC-C7BE212CAE94}.Debug|Any CPU.ActiveCfg = Debug|Any CPU
		{F39E1F97-E3ED-459C-A0BC-C7BE212CAE94}.Debug|Any CPU.Build.0 = Debug|Any CPU
		{F39E1F97-E3ED-459C-A0BC-C7BE212CAE94}.Release|Any CPU.ActiveCfg = Release|Any CPU
		{F39E1F97-E3ED-459C-A0BC-C7BE212CAE94}.Release|Any CPU.Build.0 = Release|Any CPU
		{30048225-F9AD-40BF-A671-5F8408F5A486}.Debug|Any CPU.ActiveCfg = Debug|Any CPU
		{30048225-F9AD-40BF-A671-5F8408F5A486}.Debug|Any CPU.Build.0 = Debug|Any CPU
		{30048225-F9AD-40BF-A671-5F8408F5A486}.Release|Any CPU.ActiveCfg = Release|Any CPU
		{30048225-F9AD-40BF-A671-5F8408F5A486}.Release|Any CPU.Build.0 = Release|Any CPU
		{F4EF2D17-0A9D-44C0-B846-9A438099C773}.Debug|Any CPU.ActiveCfg = Debug|Any CPU
		{F4EF2D17-0A9D-44C0-B846-9A438099C773}.Debug|Any CPU.Build.0 = Debug|Any CPU
		{F4EF2D17-0A9D-44C0-B846-9A438099C773}.Release|Any CPU.ActiveCfg = Release|Any CPU
		{F4EF2D17-0A9D-44C0-B846-9A438099C773}.Release|Any CPU.Build.0 = Release|Any CPU
		{83B88CFA-8A01-4B3D-A6A6-F1D2CAEA8D23}.Debug|Any CPU.ActiveCfg = Debug|Any CPU
		{83B88CFA-8A01-4B3D-A6A6-F1D2CAEA8D23}.Debug|Any CPU.Build.0 = Debug|Any CPU
		{83B88CFA-8A01-4B3D-A6A6-F1D2CAEA8D23}.Release|Any CPU.ActiveCfg = Release|Any CPU
		{83B88CFA-8A01-4B3D-A6A6-F1D2CAEA8D23}.Release|Any CPU.Build.0 = Release|Any CPU
		{88DCBB1D-E84B-49E3-AF02-94ED6F1290A6}.Debug|Any CPU.ActiveCfg = Debug|Any CPU
		{88DCBB1D-E84B-49E3-AF02-94ED6F1290A6}.Debug|Any CPU.Build.0 = Debug|Any CPU
		{88DCBB1D-E84B-49E3-AF02-94ED6F1290A6}.Release|Any CPU.ActiveCfg = Release|Any CPU
		{88DCBB1D-E84B-49E3-AF02-94ED6F1290A6}.Release|Any CPU.Build.0 = Release|Any CPU
		{F10A5705-ED54-419F-93E8-8003B3DC330D}.Debug|Any CPU.ActiveCfg = Debug|Any CPU
		{F10A5705-ED54-419F-93E8-8003B3DC330D}.Debug|Any CPU.Build.0 = Debug|Any CPU
		{F10A5705-ED54-419F-93E8-8003B3DC330D}.Release|Any CPU.ActiveCfg = Release|Any CPU
		{F10A5705-ED54-419F-93E8-8003B3DC330D}.Release|Any CPU.Build.0 = Release|Any CPU
		{49757679-A876-4A5E-AFBD-AB4BA066D93B}.Debug|Any CPU.ActiveCfg = Debug|Any CPU
		{49757679-A876-4A5E-AFBD-AB4BA066D93B}.Debug|Any CPU.Build.0 = Debug|Any CPU
		{49757679-A876-4A5E-AFBD-AB4BA066D93B}.Release|Any CPU.ActiveCfg = Release|Any CPU
		{49757679-A876-4A5E-AFBD-AB4BA066D93B}.Release|Any CPU.Build.0 = Release|Any CPU
	EndGlobalSection
	GlobalSection(SolutionProperties) = preSolution
		HideSolutionNode = FALSE
	EndGlobalSection
	GlobalSection(NestedProjects) = preSolution
		{1643B3A9-4F4D-4FED-97A6-26D011E2717E} = {77AFE1C0-0D61-4C3D-9914-10FA0EA3ECA7}
		{8EE4BE8E-1B39-465A-A5BA-1A87B21D381C} = {77AFE1C0-0D61-4C3D-9914-10FA0EA3ECA7}
		{9D4D9CEA-6419-4B68-90B8-3B782AF43449} = {77AFE1C0-0D61-4C3D-9914-10FA0EA3ECA7}
		{1A99D0D8-28A1-4908-A9DD-D7936855D8B0} = {77AFE1C0-0D61-4C3D-9914-10FA0EA3ECA7}
		{0E6BABDB-0998-4B22-8C4F-82D229666329} = {77AFE1C0-0D61-4C3D-9914-10FA0EA3ECA7}
		{4886B471-DB73-4E40-98B7-F60088EEFD9B} = {77AFE1C0-0D61-4C3D-9914-10FA0EA3ECA7}
		{7D92BE1E-45F1-47E3-AB95-DEB06A462220} = {8EE4BE8E-1B39-465A-A5BA-1A87B21D381C}
		{323CD289-6EAC-4421-95CE-1D8CDE349E02} = {6328CC01-8908-4A0C-8954-453B3CDD0DC5}
		{B1EF7138-459F-48D8-9C27-47EC12FD0E3A} = {A4A9940B-5712-4938-AD38-22F188942BEC}
		{CFE95230-13B0-49C2-A672-C995F4F9A41F} = {4886B471-DB73-4E40-98B7-F60088EEFD9B}
		{F9F6C3D0-2F92-4CAF-90E1-FE1AAA74AE86} = {1643B3A9-4F4D-4FED-97A6-26D011E2717E}
		{816F7EDA-EBDF-4D4F-8720-ECB83C8B32DA} = {1A99D0D8-28A1-4908-A9DD-D7936855D8B0}
		{813AA4FE-E199-42FA-A068-42B65FBB98A4} = {77AFE1C0-0D61-4C3D-9914-10FA0EA3ECA7}
		{87A15F48-75DA-41CD-BA72-55F32F3FEFB5} = {813AA4FE-E199-42FA-A068-42B65FBB98A4}
		{12B0A8DB-37D4-43D1-8CCA-D59600432636} = {813AA4FE-E199-42FA-A068-42B65FBB98A4}
		{9B8C9038-18E9-4B2D-B5C2-5DADC980896C} = {813AA4FE-E199-42FA-A068-42B65FBB98A4}
		{6D130A92-2A6A-465E-ABDB-B5FF249C925F} = {87A15F48-75DA-41CD-BA72-55F32F3FEFB5}
		{F39E1F97-E3ED-459C-A0BC-C7BE212CAE94} = {87A15F48-75DA-41CD-BA72-55F32F3FEFB5}
		{30048225-F9AD-40BF-A671-5F8408F5A486} = {9B8C9038-18E9-4B2D-B5C2-5DADC980896C}
		{F4EF2D17-0A9D-44C0-B846-9A438099C773} = {12B0A8DB-37D4-43D1-8CCA-D59600432636}
		{83B88CFA-8A01-4B3D-A6A6-F1D2CAEA8D23} = {9D4D9CEA-6419-4B68-90B8-3B782AF43449}
		{88DCBB1D-E84B-49E3-AF02-94ED6F1290A6} = {9D4D9CEA-6419-4B68-90B8-3B782AF43449}
		{F10A5705-ED54-419F-93E8-8003B3DC330D} = {9D4D9CEA-6419-4B68-90B8-3B782AF43449}
		{49757679-A876-4A5E-AFBD-AB4BA066D93B} = {9D4D9CEA-6419-4B68-90B8-3B782AF43449}
	EndGlobalSection
	GlobalSection(ExtensibilityGlobals) = postSolution
		SolutionGuid = {96118E7C-E2C9-455E-99D4-28C34D507C41}
	EndGlobalSection
EndGlobal
